
Microsoft Visual Studio Solution File, Format Version 12.00
# Visual Studio Version 16
VisualStudioVersion = 16.0.31313.79
MinimumVisualStudioVersion = 10.0.40219.1
Project("{FAE04EC0-301F-11D3-BF4B-00C04F79EFBC}") = "EfCoreDemo2", "EfCoreDemo2\EfCoreDemo2.csproj", "{960873DF-1625-4695-B7E4-A1D5B7667CA6}"
EndProject
Global
	GlobalSection(SolutionConfigurationPlatforms) = preSolution
		Debug|Any CPU = Debug|Any CPU
		Release|Any CPU = Release|Any CPU
	EndGlobalSection
	GlobalSection(ProjectConfigurationPlatforms) = postSolution
		{960873DF-1625-4695-B7E4-A1D5B7667CA6}.Debug|Any CPU.ActiveCfg = Debug|Any CPU
		{960873DF-1625-4695-B7E4-A1D5B7667CA6}.Debug|Any CPU.Build.0 = Debug|Any CPU
		{960873DF-1625-4695-B7E4-A1D5B7667CA6}.Release|Any CPU.ActiveCfg = Release|Any CPU
		{960873DF-1625-4695-B7E4-A1D5B7667CA6}.Release|Any CPU.Build.0 = Release|Any CPU
	EndGlobalSection
	GlobalSection(SolutionProperties) = preSolution
		HideSolutionNode = FALSE
	EndGlobalSection
	GlobalSection(ExtensibilityGlobals) = postSolution
		SolutionGuid = {92C2D7B2-00D0-458F-A64B-9FCDE21B27E6}
	EndGlobalSection
EndGlobal
